
Microsoft Visual Studio Solution File, Format Version 12.00
# Visual Studio Version 17
VisualStudioVersion = 17.5.33516.290
MinimumVisualStudioVersion = 10.0.40219.1
Project("{FAE04EC0-301F-11D3-BF4B-00C04F79EFBC}") = "Blackjack_Backend", "Blackjack_Backend\Blackjack_Backend.csproj", "{DC507E67-4693-45E8-A30D-2B3C368BAB3E}"
EndProject
Global
	GlobalSection(SolutionConfigurationPlatforms) = preSolution
		Debug|Any CPU = Debug|Any CPU
		Release|Any CPU = Release|Any CPU
	EndGlobalSection
	GlobalSection(ProjectConfigurationPlatforms) = postSolution
		{DC507E67-4693-45E8-A30D-2B3C368BAB3E}.Debug|Any CPU.ActiveCfg = Debug|Any CPU
		{DC507E67-4693-45E8-A30D-2B3C368BAB3E}.Debug|Any CPU.Build.0 = Debug|Any CPU
		{DC507E67-4693-45E8-A30D-2B3C368BAB3E}.Release|Any CPU.ActiveCfg = Release|Any CPU
		{DC507E67-4693-45E8-A30D-2B3C368BAB3E}.Release|Any CPU.Build.0 = Release|Any CPU
	EndGlobalSection
	GlobalSection(SolutionProperties) = preSolution
		HideSolutionNode = FALSE
	EndGlobalSection
	GlobalSection(ExtensibilityGlobals) = postSolution
		SolutionGuid = {EFE04259-649B-4F66-8F99-C57195AFF981}
	EndGlobalSection
EndGlobal
